
Microsoft Visual Studio Solution File, Format Version 12.00
# Visual Studio 15
Project("{FAE04EC0-301F-11D3-BF4B-00C04F79EFBC}") = "Assembly-CSharp", "Assembly-CSharp.csproj", "{69CD572F-74D2-C1B3-0BB0-3EB2CBF387D1}"
EndProject
Project("{FAE04EC0-301F-11D3-BF4B-00C04F79EFBC}") = "Assembly-CSharp-firstpass", "Assembly-CSharp-firstpass.csproj", "{7659C7DE-3CFD-E0CD-F2A8-EAD82676A417}"
EndProject
Project("{FAE04EC0-301F-11D3-BF4B-00C04F79EFBC}") = "Assembly-CSharp-Editor-firstpass", "Assembly-CSharp-Editor-firstpass.csproj", "{5E923707-ED51-C9A2-E944-CCA28728D4C4}"
EndProject
Global
	GlobalSection(SolutionConfigurationPlatforms) = preSolution
		Debug|Any CPU = Debug|Any CPU
		Release|Any CPU = Release|Any CPU
	EndGlobalSection
	GlobalSection(ProjectConfigurationPlatforms) = postSolution
		{69CD572F-74D2-C1B3-0BB0-3EB2CBF387D1}.Debug|Any CPU.ActiveCfg = Debug|Any CPU
		{69CD572F-74D2-C1B3-0BB0-3EB2CBF387D1}.Debug|Any CPU.Build.0 = Debug|Any CPU
		{69CD572F-74D2-C1B3-0BB0-3EB2CBF387D1}.Release|Any CPU.ActiveCfg = Release|Any CPU
		{69CD572F-74D2-C1B3-0BB0-3EB2CBF387D1}.Release|Any CPU.Build.0 = Release|Any CPU
		{7659C7DE-3CFD-E0CD-F2A8-EAD82676A417}.Debug|Any CPU.ActiveCfg = Debug|Any CPU
		{7659C7DE-3CFD-E0CD-F2A8-EAD82676A417}.Debug|Any CPU.Build.0 = Debug|Any CPU
		{7659C7DE-3CFD-E0CD-F2A8-EAD82676A417}.Release|Any CPU.ActiveCfg = Release|Any CPU
		{7659C7DE-3CFD-E0CD-F2A8-EAD82676A417}.Release|Any CPU.Build.0 = Release|Any CPU
		{5E923707-ED51-C9A2-E944-CCA28728D4C4}.Debug|Any CPU.ActiveCfg = Debug|Any CPU
		{5E923707-ED51-C9A2-E944-CCA28728D4C4}.Debug|Any CPU.Build.0 = Debug|Any CPU
		{5E923707-ED51-C9A2-E944-CCA28728D4C4}.Release|Any CPU.ActiveCfg = Release|Any CPU
		{5E923707-ED51-C9A2-E944-CCA28728D4C4}.Release|Any CPU.Build.0 = Release|Any CPU
	EndGlobalSection
	GlobalSection(SolutionProperties) = preSolution
		HideSolutionNode = FALSE
	EndGlobalSection
EndGlobal
